
Microsoft Visual Studio Solution File, Format Version 12.00
# Visual Studio 2013
VisualStudioVersion = 12.0.31101.0
MinimumVisualStudioVersion = 10.0.40219.1
Project("{2150E333-8FDC-42A3-9474-1A3956D46DE8}") = ".nuget", ".nuget", "{0DA9E74D-8BBA-48FD-8FC5-8A22B45EE23E}"
	ProjectSection(SolutionItems) = preProject
		.nuget\NuGet.Config = .nuget\NuGet.Config
		.nuget\NuGet.exe = .nuget\NuGet.exe
		.nuget\NuGet.targets = .nuget\NuGet.targets
	EndProjectSection
EndProject
Project("{FAE04EC0-301F-11D3-BF4B-00C04F79EFBC}") = "SearchEngine", "SearchEngine\SearchEngine.csproj", "{7EDA3EA4-2E6F-4E3B-B183-1933BAE8299C}"
EndProject
Project("{FAE04EC0-301F-11D3-BF4B-00C04F79EFBC}") = "IndexEngine", "IndexEngine\IndexEngine.csproj", "{63F010F1-53DE-4F07-A62E-A8FE029030E7}"
EndProject
Project("{FAE04EC0-301F-11D3-BF4B-00C04F79EFBC}") = "DownloadingEngine", "DownloadingEngine\DownloadingEngine.csproj", "{FE83625C-0E1F-4159-A0BA-93054A4ED982}"
EndProject
Project("{FAE04EC0-301F-11D3-BF4B-00C04F79EFBC}") = "RestSharpWrapper", "RestSharpWrapper\RestSharpWrapper.csproj", "{B196B252-D461-494A-A4CB-99CC83BBFB79}"
EndProject
Project("{FAE04EC0-301F-11D3-BF4B-00C04F79EFBC}") = "TVLibrary", "TVLibrary\TVLibrary.csproj", "{131E9271-CCEA-4916-9435-F73704D8426A}"
EndProject
Global
	GlobalSection(SolutionConfigurationPlatforms) = preSolution
		Debug|Any CPU = Debug|Any CPU
		Release|Any CPU = Release|Any CPU
	EndGlobalSection
	GlobalSection(ProjectConfigurationPlatforms) = postSolution
		{7EDA3EA4-2E6F-4E3B-B183-1933BAE8299C}.Debug|Any CPU.ActiveCfg = Debug|Any CPU
		{7EDA3EA4-2E6F-4E3B-B183-1933BAE8299C}.Debug|Any CPU.Build.0 = Debug|Any CPU
		{7EDA3EA4-2E6F-4E3B-B183-1933BAE8299C}.Release|Any CPU.ActiveCfg = Release|Any CPU
		{7EDA3EA4-2E6F-4E3B-B183-1933BAE8299C}.Release|Any CPU.Build.0 = Release|Any CPU
		{63F010F1-53DE-4F07-A62E-A8FE029030E7}.Debug|Any CPU.ActiveCfg = Debug|Any CPU
		{63F010F1-53DE-4F07-A62E-A8FE029030E7}.Debug|Any CPU.Build.0 = Debug|Any CPU
		{63F010F1-53DE-4F07-A62E-A8FE029030E7}.Release|Any CPU.ActiveCfg = Release|Any CPU
		{63F010F1-53DE-4F07-A62E-A8FE029030E7}.Release|Any CPU.Build.0 = Release|Any CPU
		{FE83625C-0E1F-4159-A0BA-93054A4ED982}.Debug|Any CPU.ActiveCfg = Debug|Any CPU
		{FE83625C-0E1F-4159-A0BA-93054A4ED982}.Debug|Any CPU.Build.0 = Debug|Any CPU
		{FE83625C-0E1F-4159-A0BA-93054A4ED982}.Release|Any CPU.ActiveCfg = Release|Any CPU
		{FE83625C-0E1F-4159-A0BA-93054A4ED982}.Release|Any CPU.Build.0 = Release|Any CPU
		{B196B252-D461-494A-A4CB-99CC83BBFB79}.Debug|Any CPU.ActiveCfg = Debug|Any CPU
		{B196B252-D461-494A-A4CB-99CC83BBFB79}.Debug|Any CPU.Build.0 = Debug|Any CPU
		{B196B252-D461-494A-A4CB-99CC83BBFB79}.Release|Any CPU.ActiveCfg = Release|Any CPU
		{B196B252-D461-494A-A4CB-99CC83BBFB79}.Release|Any CPU.Build.0 = Release|Any CPU
		{131E9271-CCEA-4916-9435-F73704D8426A}.Debug|Any CPU.ActiveCfg = Debug|Any CPU
		{131E9271-CCEA-4916-9435-F73704D8426A}.Debug|Any CPU.Build.0 = Debug|Any CPU
		{131E9271-CCEA-4916-9435-F73704D8426A}.Release|Any CPU.ActiveCfg = Release|Any CPU
		{131E9271-CCEA-4916-9435-F73704D8426A}.Release|Any CPU.Build.0 = Release|Any CPU
	EndGlobalSection
	GlobalSection(SolutionProperties) = preSolution
		HideSolutionNode = FALSE
	EndGlobalSection
EndGlobal
